
Microsoft Visual Studio Solution File, Format Version 12.00
# Visual Studio Version 16
VisualStudioVersion = 16.0.29418.71
MinimumVisualStudioVersion = 10.0.40219.1
Project("{FAE04EC0-301F-11D3-BF4B-00C04F79EFBC}") = "LaixerIdentityDapper", "LaixerIdentityDapper\LaixerIdentityDapper.csproj", "{93CA0F43-547C-4623-9423-C8604300B373}"
EndProject
Global
	GlobalSection(SolutionConfigurationPlatforms) = preSolution
		Debug|Any CPU = Debug|Any CPU
		Release|Any CPU = Release|Any CPU
	EndGlobalSection
	GlobalSection(ProjectConfigurationPlatforms) = postSolution
		{93CA0F43-547C-4623-9423-C8604300B373}.Debug|Any CPU.ActiveCfg = Debug|Any CPU
		{93CA0F43-547C-4623-9423-C8604300B373}.Debug|Any CPU.Build.0 = Debug|Any CPU
		{93CA0F43-547C-4623-9423-C8604300B373}.Release|Any CPU.ActiveCfg = Release|Any CPU
		{93CA0F43-547C-4623-9423-C8604300B373}.Release|Any CPU.Build.0 = Release|Any CPU
	EndGlobalSection
	GlobalSection(SolutionProperties) = preSolution
		HideSolutionNode = FALSE
	EndGlobalSection
	GlobalSection(ExtensibilityGlobals) = postSolution
		SolutionGuid = {CF8D4B51-DE33-40DE-91BD-2E7B5E8BE5DD}
	EndGlobalSection
EndGlobal
